
Microsoft Visual Studio Solution File, Format Version 12.00
# Visual Studio 15
VisualStudioVersion = 15.0.28307.421
MinimumVisualStudioVersion = 10.0.40219.1
Project("{FAE04EC0-301F-11D3-BF4B-00C04F79EFBC}") = "PhoneWord.Android", "PhoneWord\PhoneWord.Android\PhoneWord.Android.csproj", "{E047B600-C118-420F-8977-BAD106BE430D}"
EndProject
Project("{FAE04EC0-301F-11D3-BF4B-00C04F79EFBC}") = "PhoneWord.iOS", "PhoneWord\PhoneWord.iOS\PhoneWord.iOS.csproj", "{50F3B9B4-A57D-4068-B38E-A55FED7D47A4}"
EndProject
Project("{FAE04EC0-301F-11D3-BF4B-00C04F79EFBC}") = "PhoneWord.UWP", "PhoneWord\PhoneWord.UWP\PhoneWord.UWP.csproj", "{F0A459E4-4432-439B-B18A-08730CCE665D}"
EndProject
Project("{FAE04EC0-301F-11D3-BF4B-00C04F79EFBC}") = "PhoneWord", "PhoneWord\PhoneWord\PhoneWord.csproj", "{D083C881-B88D-4D51-A9B4-2A19E905EED5}"
EndProject
Global
	GlobalSection(SolutionConfigurationPlatforms) = preSolution
		Ad-Hoc|Any CPU = Ad-Hoc|Any CPU
		Ad-Hoc|ARM = Ad-Hoc|ARM
		Ad-Hoc|iPhone = Ad-Hoc|iPhone
		Ad-Hoc|iPhoneSimulator = Ad-Hoc|iPhoneSimulator
		Ad-Hoc|x64 = Ad-Hoc|x64
		Ad-Hoc|x86 = Ad-Hoc|x86
		AppStore|Any CPU = AppStore|Any CPU
		AppStore|ARM = AppStore|ARM
		AppStore|iPhone = AppStore|iPhone
		AppStore|iPhoneSimulator = AppStore|iPhoneSimulator
		AppStore|x64 = AppStore|x64
		AppStore|x86 = AppStore|x86
		Debug|Any CPU = Debug|Any CPU
		Debug|ARM = Debug|ARM
		Debug|iPhone = Debug|iPhone
		Debug|iPhoneSimulator = Debug|iPhoneSimulator
		Debug|x64 = Debug|x64
		Debug|x86 = Debug|x86
		Release|Any CPU = Release|Any CPU
		Release|ARM = Release|ARM
		Release|iPhone = Release|iPhone
		Release|iPhoneSimulator = Release|iPhoneSimulator
		Release|x64 = Release|x64
		Release|x86 = Release|x86
	EndGlobalSection
	GlobalSection(ProjectConfigurationPlatforms) = postSolution
		{E047B600-C118-420F-8977-BAD106BE430D}.Ad-Hoc|Any CPU.ActiveCfg = Release|Any CPU
		{E047B600-C118-420F-8977-BAD106BE430D}.Ad-Hoc|Any CPU.Build.0 = Release|Any CPU
		{E047B600-C118-420F-8977-BAD106BE430D}.Ad-Hoc|Any CPU.Deploy.0 = Release|Any CPU
		{E047B600-C118-420F-8977-BAD106BE430D}.Ad-Hoc|ARM.ActiveCfg = Release|Any CPU
		{E047B600-C118-420F-8977-BAD106BE430D}.Ad-Hoc|ARM.Build.0 = Release|Any CPU
		{E047B600-C118-420F-8977-BAD106BE430D}.Ad-Hoc|ARM.Deploy.0 = Release|Any CPU
		{E047B600-C118-420F-8977-BAD106BE430D}.Ad-Hoc|iPhone.ActiveCfg = Release|Any CPU
		{E047B600-C118-420F-8977-BAD106BE430D}.Ad-Hoc|iPhone.Build.0 = Release|Any CPU
		{E047B600-C118-420F-8977-BAD106BE430D}.Ad-Hoc|iPhone.Deploy.0 = Release|Any CPU
		{E047B600-C118-420F-8977-BAD106BE430D}.Ad-Hoc|iPhoneSimulator.ActiveCfg = Release|Any CPU
		{E047B600-C118-420F-8977-BAD106BE430D}.Ad-Hoc|iPhoneSimulator.Build.0 = Release|Any CPU
		{E047B600-C118-420F-8977-BAD106BE430D}.Ad-Hoc|iPhoneSimulator.Deploy.0 = Release|Any CPU
		{E047B600-C118-420F-8977-BAD106BE430D}.Ad-Hoc|x64.ActiveCfg = Release|Any CPU
		{E047B600-C118-420F-8977-BAD106BE430D}.Ad-Hoc|x64.Build.0 = Release|Any CPU
		{E047B600-C118-420F-8977-BAD106BE430D}.Ad-Hoc|x64.Deploy.0 = Release|Any CPU
		{E047B600-C118-420F-8977-BAD106BE430D}.Ad-Hoc|x86.ActiveCfg = Release|Any CPU
		{E047B600-C118-420F-8977-BAD106BE430D}.Ad-Hoc|x86.Build.0 = Release|Any CPU
		{E047B600-C118-420F-8977-BAD106BE430D}.Ad-Hoc|x86.Deploy.0 = Release|Any CPU
		{E047B600-C118-420F-8977-BAD106BE430D}.AppStore|Any CPU.ActiveCfg = Release|Any CPU
		{E047B600-C118-420F-8977-BAD106BE430D}.AppStore|Any CPU.Build.0 = Release|Any CPU
		{E047B600-C118-420F-8977-BAD106BE430D}.AppStore|Any CPU.Deploy.0 = Release|Any CPU
		{E047B600-C118-420F-8977-BAD106BE430D}.AppStore|ARM.ActiveCfg = Release|Any CPU
		{E047B600-C118-420F-8977-BAD106BE430D}.AppStore|ARM.Build.0 = Release|Any CPU
		{E047B600-C118-420F-8977-BAD106BE430D}.AppStore|ARM.Deploy.0 = Release|Any CPU
		{E047B600-C118-420F-8977-BAD106BE430D}.AppStore|iPhone.ActiveCfg = Release|Any CPU
		{E047B600-C118-420F-8977-BAD106BE430D}.AppStore|iPhone.Build.0 = Release|Any CPU
		{E047B600-C118-420F-8977-BAD106BE430D}.AppStore|iPhone.Deploy.0 = Release|Any CPU
		{E047B600-C118-420F-8977-BAD106BE430D}.AppStore|iPhoneSimulator.ActiveCfg = Release|Any CPU
		{E047B600-C118-420F-8977-BAD106BE430D}.AppStore|iPhoneSimulator.Build.0 = Release|Any CPU
		{E047B600-C118-420F-8977-BAD106BE430D}.AppStore|iPhoneSimulator.Deploy.0 = Release|Any CPU
		{E047B600-C118-420F-8977-BAD106BE430D}.AppStore|x64.ActiveCfg = Release|Any CPU
		{E047B600-C118-420F-8977-BAD106BE430D}.AppStore|x64.Build.0 = Release|Any CPU
		{E047B600-C118-420F-8977-BAD106BE430D}.AppStore|x64.Deploy.0 = Release|Any CPU
		{E047B600-C118-420F-8977-BAD106BE430D}.AppStore|x86.ActiveCfg = Release|Any CPU
		{E047B600-C118-420F-8977-BAD106BE430D}.AppStore|x86.Build.0 = Release|Any CPU
		{E047B600-C118-420F-8977-BAD106BE430D}.AppStore|x86.Deploy.0 = Release|Any CPU
		{E047B600-C118-420F-8977-BAD106BE430D}.Debug|Any CPU.ActiveCfg = Debug|Any CPU
		{E047B600-C118-420F-8977-BAD106BE430D}.Debug|Any CPU.Build.0 = Debug|Any CPU
		{E047B600-C118-420F-8977-BAD106BE430D}.Debug|Any CPU.Deploy.0 = Debug|Any CPU
		{E047B600-C118-420F-8977-BAD106BE430D}.Debug|ARM.ActiveCfg = Debug|Any CPU
		{E047B600-C118-420F-8977-BAD106BE430D}.Debug|ARM.Build.0 = Debug|Any CPU
		{E047B600-C118-420F-8977-BAD106BE430D}.Debug|ARM.Deploy.0 = Debug|Any CPU
		{E047B600-C118-420F-8977-BAD106BE430D}.Debug|iPhone.ActiveCfg = Debug|Any CPU
		{E047B600-C118-420F-8977-BAD106BE430D}.Debug|iPhone.Build.0 = Debug|Any CPU
		{E047B600-C118-420F-8977-BAD106BE430D}.Debug|iPhone.Deploy.0 = Debug|Any CPU
		{E047B600-C118-420F-8977-BAD106BE430D}.Debug|iPhoneSimulator.ActiveCfg = Debug|Any CPU
		{E047B600-C118-420F-8977-BAD106BE430D}.Debug|iPhoneSimulator.Build.0 = Debug|Any CPU
		{E047B600-C118-420F-8977-BAD106BE430D}.Debug|iPhoneSimulator.Deploy.0 = Debug|Any CPU
		{E047B600-C118-420F-8977-BAD106BE430D}.Debug|x64.ActiveCfg = Debug|Any CPU
		{E047B600-C118-420F-8977-BAD106BE430D}.Debug|x64.Build.0 = Debug|Any CPU
		{E047B600-C118-420F-8977-BAD106BE430D}.Debug|x64.Deploy.0 = Debug|Any CPU
		{E047B600-C118-420F-8977-BAD106BE430D}.Debug|x86.ActiveCfg = Debug|Any CPU
		{E047B600-C118-420F-8977-BAD106BE430D}.Debug|x86.Build.0 = Debug|Any CPU
		{E047B600-C118-420F-8977-BAD106BE430D}.Debug|x86.Deploy.0 = Debug|Any CPU
		{E047B600-C118-420F-8977-BAD106BE430D}.Release|Any CPU.ActiveCfg = Release|Any CPU
		{E047B600-C118-420F-8977-BAD106BE430D}.Release|Any CPU.Build.0 = Release|Any CPU
		{E047B600-C118-420F-8977-BAD106BE430D}.Release|Any CPU.Deploy.0 = Release|Any CPU
		{E047B600-C118-420F-8977-BAD106BE430D}.Release|ARM.ActiveCfg = Release|Any CPU
		{E047B600-C118-420F-8977-BAD106BE430D}.Release|ARM.Build.0 = Release|Any CPU
		{E047B600-C118-420F-8977-BAD106BE430D}.Release|ARM.Deploy.0 = Release|Any CPU
		{E047B600-C118-420F-8977-BAD106BE430D}.Release|iPhone.ActiveCfg = Release|Any CPU
		{E047B600-C118-420F-8977-BAD106BE430D}.Release|iPhone.Build.0 = Release|Any CPU
		{E047B600-C118-420F-8977-BAD106BE430D}.Release|iPhone.Deploy.0 = Release|Any CPU
		{E047B600-C118-420F-8977-BAD106BE430D}.Release|iPhoneSimulator.ActiveCfg = Release|Any CPU
		{E047B600-C118-420F-8977-BAD106BE430D}.Release|iPhoneSimulator.Build.0 = Release|Any CPU
		{E047B600-C118-420F-8977-BAD106BE430D}.Release|iPhoneSimulator.Deploy.0 = Release|Any CPU
		{E047B600-C118-420F-8977-BAD106BE430D}.Release|x64.ActiveCfg = Release|Any CPU
		{E047B600-C118-420F-8977-BAD106BE430D}.Release|x64.Build.0 = Release|Any CPU
		{E047B600-C118-420F-8977-BAD106BE430D}.Release|x64.Deploy.0 = Release|Any CPU
		{E047B600-C118-420F-8977-BAD106BE430D}.Release|x86.ActiveCfg = Release|Any CPU
		{E047B600-C118-420F-8977-BAD106BE430D}.Release|x86.Build.0 = Release|Any CPU
		{E047B600-C118-420F-8977-BAD106BE430D}.Release|x86.Deploy.0 = Release|Any CPU
		{50F3B9B4-A57D-4068-B38E-A55FED7D47A4}.Ad-Hoc|Any CPU.ActiveCfg = Ad-Hoc|iPhone
		{50F3B9B4-A57D-4068-B38E-A55FED7D47A4}.Ad-Hoc|Any CPU.Build.0 = Ad-Hoc|iPhone
		{50F3B9B4-A57D-4068-B38E-A55FED7D47A4}.Ad-Hoc|Any CPU.Deploy.0 = Ad-Hoc|iPhone
		{50F3B9B4-A57D-4068-B38E-A55FED7D47A4}.Ad-Hoc|ARM.ActiveCfg = Ad-Hoc|iPhone
		{50F3B9B4-A57D-4068-B38E-A55FED7D47A4}.Ad-Hoc|ARM.Build.0 = Ad-Hoc|iPhone
		{50F3B9B4-A57D-4068-B38E-A55FED7D47A4}.Ad-Hoc|ARM.Deploy.0 = Ad-Hoc|iPhone
		{50F3B9B4-A57D-4068-B38E-A55FED7D47A4}.Ad-Hoc|iPhone.ActiveCfg = Ad-Hoc|iPhone
		{50F3B9B4-A57D-4068-B38E-A55FED7D47A4}.Ad-Hoc|iPhone.Build.0 = Ad-Hoc|iPhone
		{50F3B9B4-A57D-4068-B38E-A55FED7D47A4}.Ad-Hoc|iPhone.Deploy.0 = Ad-Hoc|iPhone
		{50F3B9B4-A57D-4068-B38E-A55FED7D47A4}.Ad-Hoc|iPhoneSimulator.ActiveCfg = Ad-Hoc|iPhoneSimulator
		{50F3B9B4-A57D-4068-B38E-A55FED7D47A4}.Ad-Hoc|iPhoneSimulator.Build.0 = Ad-Hoc|iPhoneSimulator
		{50F3B9B4-A57D-4068-B38E-A55FED7D47A4}.Ad-Hoc|iPhoneSimulator.Deploy.0 = Ad-Hoc|iPhoneSimulator
		{50F3B9B4-A57D-4068-B38E-A55FED7D47A4}.Ad-Hoc|x64.ActiveCfg = Ad-Hoc|iPhone
		{50F3B9B4-A57D-4068-B38E-A55FED7D47A4}.Ad-Hoc|x64.Build.0 = Ad-Hoc|iPhone
		{50F3B9B4-A57D-4068-B38E-A55FED7D47A4}.Ad-Hoc|x64.Deploy.0 = Ad-Hoc|iPhone
		{50F3B9B4-A57D-4068-B38E-A55FED7D47A4}.Ad-Hoc|x86.ActiveCfg = Ad-Hoc|iPhone
		{50F3B9B4-A57D-4068-B38E-A55FED7D47A4}.Ad-Hoc|x86.Build.0 = Ad-Hoc|iPhone
		{50F3B9B4-A57D-4068-B38E-A55FED7D47A4}.Ad-Hoc|x86.Deploy.0 = Ad-Hoc|iPhone
		{50F3B9B4-A57D-4068-B38E-A55FED7D47A4}.AppStore|Any CPU.ActiveCfg = AppStore|iPhone
		{50F3B9B4-A57D-4068-B38E-A55FED7D47A4}.AppStore|Any CPU.Build.0 = AppStore|iPhone
		{50F3B9B4-A57D-4068-B38E-A55FED7D47A4}.AppStore|Any CPU.Deploy.0 = AppStore|iPhone
		{50F3B9B4-A57D-4068-B38E-A55FED7D47A4}.AppStore|ARM.ActiveCfg = AppStore|iPhone
		{50F3B9B4-A57D-4068-B38E-A55FED7D47A4}.AppStore|ARM.Build.0 = AppStore|iPhone
		{50F3B9B4-A57D-4068-B38E-A55FED7D47A4}.AppStore|ARM.Deploy.0 = AppStore|iPhone
		{50F3B9B4-A57D-4068-B38E-A55FED7D47A4}.AppStore|iPhone.ActiveCfg = AppStore|iPhone
		{50F3B9B4-A57D-4068-B38E-A55FED7D47A4}.AppStore|iPhone.Build.0 = AppStore|iPhone
		{50F3B9B4-A57D-4068-B38E-A55FED7D47A4}.AppStore|iPhone.Deploy.0 = AppStore|iPhone
		{50F3B9B4-A57D-4068-B38E-A55FED7D47A4}.AppStore|iPhoneSimulator.ActiveCfg = AppStore|iPhoneSimulator
		{50F3B9B4-A57D-4068-B38E-A55FED7D47A4}.AppStore|iPhoneSimulator.Build.0 = AppStore|iPhoneSimulator
		{50F3B9B4-A57D-4068-B38E-A55FED7D47A4}.AppStore|iPhoneSimulator.Deploy.0 = AppStore|iPhoneSimulator
		{50F3B9B4-A57D-4068-B38E-A55FED7D47A4}.AppStore|x64.ActiveCfg = AppStore|iPhone
		{50F3B9B4-A57D-4068-B38E-A55FED7D47A4}.AppStore|x64.Build.0 = AppStore|iPhone
		{50F3B9B4-A57D-4068-B38E-A55FED7D47A4}.AppStore|x64.Deploy.0 = AppStore|iPhone
		{50F3B9B4-A57D-4068-B38E-A55FED7D47A4}.AppStore|x86.ActiveCfg = AppStore|iPhone
		{50F3B9B4-A57D-4068-B38E-A55FED7D47A4}.AppStore|x86.Build.0 = AppStore|iPhone
		{50F3B9B4-A57D-4068-B38E-A55FED7D47A4}.AppStore|x86.Deploy.0 = AppStore|iPhone
		{50F3B9B4-A57D-4068-B38E-A55FED7D47A4}.Debug|Any CPU.ActiveCfg = Debug|iPhoneSimulator
		{50F3B9B4-A57D-4068-B38E-A55FED7D47A4}.Debug|Any CPU.Build.0 = Debug|iPhoneSimulator
		{50F3B9B4-A57D-4068-B38E-A55FED7D47A4}.Debug|Any CPU.Deploy.0 = Debug|iPhoneSimulator
		{50F3B9B4-A57D-4068-B38E-A55FED7D47A4}.Debug|ARM.ActiveCfg = Debug|iPhone
		{50F3B9B4-A57D-4068-B38E-A55FED7D47A4}.Debug|ARM.Build.0 = Debug|iPhone
		{50F3B9B4-A57D-4068-B38E-A55FED7D47A4}.Debug|ARM.Deploy.0 = Debug|iPhone
		{50F3B9B4-A57D-4068-B38E-A55FED7D47A4}.Debug|iPhone.ActiveCfg = Debug|iPhone
		{50F3B9B4-A57D-4068-B38E-A55FED7D47A4}.Debug|iPhone.Build.0 = Debug|iPhone
		{50F3B9B4-A57D-4068-B38E-A55FED7D47A4}.Debug|iPhone.Deploy.0 = Debug|iPhone
		{50F3B9B4-A57D-4068-B38E-A55FED7D47A4}.Debug|iPhoneSimulator.ActiveCfg = Debug|iPhoneSimulator
		{50F3B9B4-A57D-4068-B38E-A55FED7D47A4}.Debug|iPhoneSimulator.Build.0 = Debug|iPhoneSimulator
		{50F3B9B4-A57D-4068-B38E-A55FED7D47A4}.Debug|iPhoneSimulator.Deploy.0 = Debug|iPhoneSimulator
		{50F3B9B4-A57D-4068-B38E-A55FED7D47A4}.Debug|x64.ActiveCfg = Debug|iPhone
		{50F3B9B4-A57D-4068-B38E-A55FED7D47A4}.Debug|x64.Build.0 = Debug|iPhone
		{50F3B9B4-A57D-4068-B38E-A55FED7D47A4}.Debug|x64.Deploy.0 = Debug|iPhone
		{50F3B9B4-A57D-4068-B38E-A55FED7D47A4}.Debug|x86.ActiveCfg = Debug|iPhone
		{50F3B9B4-A57D-4068-B38E-A55FED7D47A4}.Debug|x86.Build.0 = Debug|iPhone
		{50F3B9B4-A57D-4068-B38E-A55FED7D47A4}.Debug|x86.Deploy.0 = Debug|iPhone
		{50F3B9B4-A57D-4068-B38E-A55FED7D47A4}.Release|Any CPU.ActiveCfg = Release|iPhone
		{50F3B9B4-A57D-4068-B38E-A55FED7D47A4}.Release|Any CPU.Build.0 = Release|iPhone
		{50F3B9B4-A57D-4068-B38E-A55FED7D47A4}.Release|Any CPU.Deploy.0 = Release|iPhone
		{50F3B9B4-A57D-4068-B38E-A55FED7D47A4}.Release|ARM.ActiveCfg = Release|iPhone
		{50F3B9B4-A57D-4068-B38E-A55FED7D47A4}.Release|ARM.Build.0 = Release|iPhone
		{50F3B9B4-A57D-4068-B38E-A55FED7D47A4}.Release|ARM.Deploy.0 = Release|iPhone
		{50F3B9B4-A57D-4068-B38E-A55FED7D47A4}.Release|iPhone.ActiveCfg = Release|iPhone
		{50F3B9B4-A57D-4068-B38E-A55FED7D47A4}.Release|iPhone.Build.0 = Release|iPhone
		{50F3B9B4-A57D-4068-B38E-A55FED7D47A4}.Release|iPhone.Deploy.0 = Release|iPhone
		{50F3B9B4-A57D-4068-B38E-A55FED7D47A4}.Release|iPhoneSimulator.ActiveCfg = Release|iPhoneSimulator
		{50F3B9B4-A57D-4068-B38E-A55FED7D47A4}.Release|iPhoneSimulator.Build.0 = Release|iPhoneSimulator
		{50F3B9B4-A57D-4068-B38E-A55FED7D47A4}.Release|iPhoneSimulator.Deploy.0 = Release|iPhoneSimulator
		{50F3B9B4-A57D-4068-B38E-A55FED7D47A4}.Release|x64.ActiveCfg = Release|iPhone
		{50F3B9B4-A57D-4068-B38E-A55FED7D47A4}.Release|x64.Build.0 = Release|iPhone
		{50F3B9B4-A57D-4068-B38E-A55FED7D47A4}.Release|x64.Deploy.0 = Release|iPhone
		{50F3B9B4-A57D-4068-B38E-A55FED7D47A4}.Release|x86.ActiveCfg = Release|iPhone
		{50F3B9B4-A57D-4068-B38E-A55FED7D47A4}.Release|x86.Build.0 = Release|iPhone
		{50F3B9B4-A57D-4068-B38E-A55FED7D47A4}.Release|x86.Deploy.0 = Release|iPhone
		{F0A459E4-4432-439B-B18A-08730CCE665D}.Ad-Hoc|Any CPU.ActiveCfg = Release|x86
		{F0A459E4-4432-439B-B18A-08730CCE665D}.Ad-Hoc|Any CPU.Build.0 = Release|x86
		{F0A459E4-4432-439B-B18A-08730CCE665D}.Ad-Hoc|Any CPU.Deploy.0 = Release|x86
		{F0A459E4-4432-439B-B18A-08730CCE665D}.Ad-Hoc|ARM.ActiveCfg = Release|ARM
		{F0A459E4-4432-439B-B18A-08730CCE665D}.Ad-Hoc|ARM.Build.0 = Release|ARM
		{F0A459E4-4432-439B-B18A-08730CCE665D}.Ad-Hoc|ARM.Deploy.0 = Release|ARM
		{F0A459E4-4432-439B-B18A-08730CCE665D}.Ad-Hoc|iPhone.ActiveCfg = Release|x86
		{F0A459E4-4432-439B-B18A-08730CCE665D}.Ad-Hoc|iPhone.Build.0 = Release|x86
		{F0A459E4-4432-439B-B18A-08730CCE665D}.Ad-Hoc|iPhone.Deploy.0 = Release|x86
		{F0A459E4-4432-439B-B18A-08730CCE665D}.Ad-Hoc|iPhoneSimulator.ActiveCfg = Release|x86
		{F0A459E4-4432-439B-B18A-08730CCE665D}.Ad-Hoc|iPhoneSimulator.Build.0 = Release|x86
		{F0A459E4-4432-439B-B18A-08730CCE665D}.Ad-Hoc|iPhoneSimulator.Deploy.0 = Release|x86
		{F0A459E4-4432-439B-B18A-08730CCE665D}.Ad-Hoc|x64.ActiveCfg = Release|x64
		{F0A459E4-4432-439B-B18A-08730CCE665D}.Ad-Hoc|x64.Build.0 = Release|x64
		{F0A459E4-4432-439B-B18A-08730CCE665D}.Ad-Hoc|x64.Deploy.0 = Release|x64
		{F0A459E4-4432-439B-B18A-08730CCE665D}.Ad-Hoc|x86.ActiveCfg = Release|x86
		{F0A459E4-4432-439B-B18A-08730CCE665D}.Ad-Hoc|x86.Build.0 = Release|x86
		{F0A459E4-4432-439B-B18A-08730CCE665D}.Ad-Hoc|x86.Deploy.0 = Release|x86
		{F0A459E4-4432-439B-B18A-08730CCE665D}.AppStore|Any CPU.ActiveCfg = Release|x86
		{F0A459E4-4432-439B-B18A-08730CCE665D}.AppStore|Any CPU.Build.0 = Release|x86
		{F0A459E4-4432-439B-B18A-08730CCE665D}.AppStore|Any CPU.Deploy.0 = Release|x86
		{F0A459E4-4432-439B-B18A-08730CCE665D}.AppStore|ARM.ActiveCfg = Release|ARM
		{F0A459E4-4432-439B-B18A-08730CCE665D}.AppStore|ARM.Build.0 = Release|ARM
		{F0A459E4-4432-439B-B18A-08730CCE665D}.AppStore|ARM.Deploy.0 = Release|ARM
		{F0A459E4-4432-439B-B18A-08730CCE665D}.AppStore|iPhone.ActiveCfg = Release|x86
		{F0A459E4-4432-439B-B18A-08730CCE665D}.AppStore|iPhone.Build.0 = Release|x86
		{F0A459E4-4432-439B-B18A-08730CCE665D}.AppStore|iPhone.Deploy.0 = Release|x86
		{F0A459E4-4432-439B-B18A-08730CCE665D}.AppStore|iPhoneSimulator.ActiveCfg = Release|x86
		{F0A459E4-4432-439B-B18A-08730CCE665D}.AppStore|iPhoneSimulator.Build.0 = Release|x86
		{F0A459E4-4432-439B-B18A-08730CCE665D}.AppStore|iPhoneSimulator.Deploy.0 = Release|x86
		{F0A459E4-4432-439B-B18A-08730CCE665D}.AppStore|x64.ActiveCfg = Release|x64
		{F0A459E4-4432-439B-B18A-08730CCE665D}.AppStore|x64.Build.0 = Release|x64
		{F0A459E4-4432-439B-B18A-08730CCE665D}.AppStore|x64.Deploy.0 = Release|x64
		{F0A459E4-4432-439B-B18A-08730CCE665D}.AppStore|x86.ActiveCfg = Release|x86
		{F0A459E4-4432-439B-B18A-08730CCE665D}.AppStore|x86.Build.0 = Release|x86
		{F0A459E4-4432-439B-B18A-08730CCE665D}.AppStore|x86.Deploy.0 = Release|x86
		{F0A459E4-4432-439B-B18A-08730CCE665D}.Debug|Any CPU.ActiveCfg = Debug|x86
		{F0A459E4-4432-439B-B18A-08730CCE665D}.Debug|Any CPU.Build.0 = Debug|x86
		{F0A459E4-4432-439B-B18A-08730CCE665D}.Debug|Any CPU.Deploy.0 = Debug|x86
		{F0A459E4-4432-439B-B18A-08730CCE665D}.Debug|ARM.ActiveCfg = Debug|ARM
		{F0A459E4-4432-439B-B18A-08730CCE665D}.Debug|ARM.Build.0 = Debug|ARM
		{F0A459E4-4432-439B-B18A-08730CCE665D}.Debug|ARM.Deploy.0 = Debug|ARM
		{F0A459E4-4432-439B-B18A-08730CCE665D}.Debug|iPhone.ActiveCfg = Debug|x86
		{F0A459E4-4432-439B-B18A-08730CCE665D}.Debug|iPhone.Build.0 = Debug|x86
		{F0A459E4-4432-439B-B18A-08730CCE665D}.Debug|iPhone.Deploy.0 = Debug|x86
		{F0A459E4-4432-439B-B18A-08730CCE665D}.Debug|iPhoneSimulator.ActiveCfg = Debug|x86
		{F0A459E4-4432-439B-B18A-08730CCE665D}.Debug|iPhoneSimulator.Build.0 = Debug|x86
		{F0A459E4-4432-439B-B18A-08730CCE665D}.Debug|iPhoneSimulator.Deploy.0 = Debug|x86
		{F0A459E4-4432-439B-B18A-08730CCE665D}.Debug|x64.ActiveCfg = Debug|x64
		{F0A459E4-4432-439B-B18A-08730CCE665D}.Debug|x64.Build.0 = Debug|x64
		{F0A459E4-4432-439B-B18A-08730CCE665D}.Debug|x64.Deploy.0 = Debug|x64
		{F0A459E4-4432-439B-B18A-08730CCE665D}.Debug|x86.ActiveCfg = Debug|x86
		{F0A459E4-4432-439B-B18A-08730CCE665D}.Debug|x86.Build.0 = Debug|x86
		{F0A459E4-4432-439B-B18A-08730CCE665D}.Debug|x86.Deploy.0 = Debug|x86
		{F0A459E4-4432-439B-B18A-08730CCE665D}.Release|Any CPU.ActiveCfg = Release|x86
		{F0A459E4-4432-439B-B18A-08730CCE665D}.Release|Any CPU.Build.0 = Release|x86
		{F0A459E4-4432-439B-B18A-08730CCE665D}.Release|Any CPU.Deploy.0 = Release|x86
		{F0A459E4-4432-439B-B18A-08730CCE665D}.Release|ARM.ActiveCfg = Release|ARM
		{F0A459E4-4432-439B-B18A-08730CCE665D}.Release|ARM.Build.0 = Release|ARM
		{F0A459E4-4432-439B-B18A-08730CCE665D}.Release|ARM.Deploy.0 = Release|ARM
		{F0A459E4-4432-439B-B18A-08730CCE665D}.Release|iPhone.ActiveCfg = Release|x86
		{F0A459E4-4432-439B-B18A-08730CCE665D}.Release|iPhone.Build.0 = Release|x86
		{F0A459E4-4432-439B-B18A-08730CCE665D}.Release|iPhone.Deploy.0 = Release|x86
		{F0A459E4-4432-439B-B18A-08730CCE665D}.Release|iPhoneSimulator.ActiveCfg = Release|x86
		{F0A459E4-4432-439B-B18A-08730CCE665D}.Release|iPhoneSimulator.Build.0 = Release|x86
		{F0A459E4-4432-439B-B18A-08730CCE665D}.Release|iPhoneSimulator.Deploy.0 = Release|x86
		{F0A459E4-4432-439B-B18A-08730CCE665D}.Release|x64.ActiveCfg = Release|x64
		{F0A459E4-4432-439B-B18A-08730CCE665D}.Release|x64.Build.0 = Release|x64
		{F0A459E4-4432-439B-B18A-08730CCE665D}.Release|x64.Deploy.0 = Release|x64
		{F0A459E4-4432-439B-B18A-08730CCE665D}.Release|x86.ActiveCfg = Release|x86
		{F0A459E4-4432-439B-B18A-08730CCE665D}.Release|x86.Build.0 = Release|x86
		{F0A459E4-4432-439B-B18A-08730CCE665D}.Release|x86.Deploy.0 = Release|x86
		{D083C881-B88D-4D51-A9B4-2A19E905EED5}.Ad-Hoc|Any CPU.ActiveCfg = Debug|Any CPU
		{D083C881-B88D-4D51-A9B4-2A19E905EED5}.Ad-Hoc|Any CPU.Build.0 = Debug|Any CPU
		{D083C881-B88D-4D51-A9B4-2A19E905EED5}.Ad-Hoc|Any CPU.Deploy.0 = Debug|Any CPU
		{D083C881-B88D-4D51-A9B4-2A19E905EED5}.Ad-Hoc|ARM.ActiveCfg = Debug|Any CPU
		{D083C881-B88D-4D51-A9B4-2A19E905EED5}.Ad-Hoc|ARM.Build.0 = Debug|Any CPU
		{D083C881-B88D-4D51-A9B4-2A19E905EED5}.Ad-Hoc|ARM.Deploy.0 = Debug|Any CPU
		{D083C881-B88D-4D51-A9B4-2A19E905EED5}.Ad-Hoc|iPhone.ActiveCfg = Debug|Any CPU
		{D083C881-B88D-4D51-A9B4-2A19E905EED5}.Ad-Hoc|iPhone.Build.0 = Debug|Any CPU
		{D083C881-B88D-4D51-A9B4-2A19E905EED5}.Ad-Hoc|iPhone.Deploy.0 = Debug|Any CPU
		{D083C881-B88D-4D51-A9B4-2A19E905EED5}.Ad-Hoc|iPhoneSimulator.ActiveCfg = Debug|Any CPU
		{D083C881-B88D-4D51-A9B4-2A19E905EED5}.Ad-Hoc|iPhoneSimulator.Build.0 = Debug|Any CPU
		{D083C881-B88D-4D51-A9B4-2A19E905EED5}.Ad-Hoc|iPhoneSimulator.Deploy.0 = Debug|Any CPU
		{D083C881-B88D-4D51-A9B4-2A19E905EED5}.Ad-Hoc|x64.ActiveCfg = Debug|Any CPU
		{D083C881-B88D-4D51-A9B4-2A19E905EED5}.Ad-Hoc|x64.Build.0 = Debug|Any CPU
		{D083C881-B88D-4D51-A9B4-2A19E905EED5}.Ad-Hoc|x64.Deploy.0 = Debug|Any CPU
		{D083C881-B88D-4D51-A9B4-2A19E905EED5}.Ad-Hoc|x86.ActiveCfg = Debug|Any CPU
		{D083C881-B88D-4D51-A9B4-2A19E905EED5}.Ad-Hoc|x86.Build.0 = Debug|Any CPU
		{D083C881-B88D-4D51-A9B4-2A19E905EED5}.Ad-Hoc|x86.Deploy.0 = Debug|Any CPU
		{D083C881-B88D-4D51-A9B4-2A19E905EED5}.AppStore|Any CPU.ActiveCfg = Debug|Any CPU
		{D083C881-B88D-4D51-A9B4-2A19E905EED5}.AppStore|Any CPU.Build.0 = Debug|Any CPU
		{D083C881-B88D-4D51-A9B4-2A19E905EED5}.AppStore|Any CPU.Deploy.0 = Debug|Any CPU
		{D083C881-B88D-4D51-A9B4-2A19E905EED5}.AppStore|ARM.ActiveCfg = Debug|Any CPU
		{D083C881-B88D-4D51-A9B4-2A19E905EED5}.AppStore|ARM.Build.0 = Debug|Any CPU
		{D083C881-B88D-4D51-A9B4-2A19E905EED5}.AppStore|ARM.Deploy.0 = Debug|Any CPU
		{D083C881-B88D-4D51-A9B4-2A19E905EED5}.AppStore|iPhone.ActiveCfg = Debug|Any CPU
		{D083C881-B88D-4D51-A9B4-2A19E905EED5}.AppStore|iPhone.Build.0 = Debug|Any CPU
		{D083C881-B88D-4D51-A9B4-2A19E905EED5}.AppStore|iPhone.Deploy.0 = Debug|Any CPU
		{D083C881-B88D-4D51-A9B4-2A19E905EED5}.AppStore|iPhoneSimulator.ActiveCfg = Debug|Any CPU
		{D083C881-B88D-4D51-A9B4-2A19E905EED5}.AppStore|iPhoneSimulator.Build.0 = Debug|Any CPU
		{D083C881-B88D-4D51-A9B4-2A19E905EED5}.AppStore|iPhoneSimulator.Deploy.0 = Debug|Any CPU
		{D083C881-B88D-4D51-A9B4-2A19E905EED5}.AppStore|x64.ActiveCfg = Debug|Any CPU
		{D083C881-B88D-4D51-A9B4-2A19E905EED5}.AppStore|x64.Build.0 = Debug|Any CPU
		{D083C881-B88D-4D51-A9B4-2A19E905EED5}.AppStore|x64.Deploy.0 = Debug|Any CPU
		{D083C881-B88D-4D51-A9B4-2A19E905EED5}.AppStore|x86.ActiveCfg = Debug|Any CPU
		{D083C881-B88D-4D51-A9B4-2A19E905EED5}.AppStore|x86.Build.0 = Debug|Any CPU
		{D083C881-B88D-4D51-A9B4-2A19E905EED5}.AppStore|x86.Deploy.0 = Debug|Any CPU
		{D083C881-B88D-4D51-A9B4-2A19E905EED5}.Debug|Any CPU.ActiveCfg = Debug|Any CPU
		{D083C881-B88D-4D51-A9B4-2A19E905EED5}.Debug|Any CPU.Build.0 = Debug|Any CPU
		{D083C881-B88D-4D51-A9B4-2A19E905EED5}.Debug|Any CPU.Deploy.0 = Debug|Any CPU
		{D083C881-B88D-4D51-A9B4-2A19E905EED5}.Debug|ARM.ActiveCfg = Debug|Any CPU
		{D083C881-B88D-4D51-A9B4-2A19E905EED5}.Debug|ARM.Build.0 = Debug|Any CPU
		{D083C881-B88D-4D51-A9B4-2A19E905EED5}.Debug|ARM.Deploy.0 = Debug|Any CPU
		{D083C881-B88D-4D51-A9B4-2A19E905EED5}.Debug|iPhone.ActiveCfg = Debug|Any CPU
		{D083C881-B88D-4D51-A9B4-2A19E905EED5}.Debug|iPhone.Build.0 = Debug|Any CPU
		{D083C881-B88D-4D51-A9B4-2A19E905EED5}.Debug|iPhone.Deploy.0 = Debug|Any CPU
		{D083C881-B88D-4D51-A9B4-2A19E905EED5}.Debug|iPhoneSimulator.ActiveCfg = Debug|Any CPU
		{D083C881-B88D-4D51-A9B4-2A19E905EED5}.Debug|iPhoneSimulator.Build.0 = Debug|Any CPU
		{D083C881-B88D-4D51-A9B4-2A19E905EED5}.Debug|iPhoneSimulator.Deploy.0 = Debug|Any CPU
		{D083C881-B88D-4D51-A9B4-2A19E905EED5}.Debug|x64.ActiveCfg = Debug|Any CPU
		{D083C881-B88D-4D51-A9B4-2A19E905EED5}.Debug|x64.Build.0 = Debug|Any CPU
		{D083C881-B88D-4D51-A9B4-2A19E905EED5}.Debug|x64.Deploy.0 = Debug|Any CPU
		{D083C881-B88D-4D51-A9B4-2A19E905EED5}.Debug|x86.ActiveCfg = Debug|Any CPU
		{D083C881-B88D-4D51-A9B4-2A19E905EED5}.Debug|x86.Build.0 = Debug|Any CPU
		{D083C881-B88D-4D51-A9B4-2A19E905EED5}.Debug|x86.Deploy.0 = Debug|Any CPU
		{D083C881-B88D-4D51-A9B4-2A19E905EED5}.Release|Any CPU.ActiveCfg = Release|Any CPU
		{D083C881-B88D-4D51-A9B4-2A19E905EED5}.Release|Any CPU.Build.0 = Release|Any CPU
		{D083C881-B88D-4D51-A9B4-2A19E905EED5}.Release|Any CPU.Deploy.0 = Release|Any CPU
		{D083C881-B88D-4D51-A9B4-2A19E905EED5}.Release|ARM.ActiveCfg = Release|Any CPU
		{D083C881-B88D-4D51-A9B4-2A19E905EED5}.Release|ARM.Build.0 = Release|Any CPU
		{D083C881-B88D-4D51-A9B4-2A19E905EED5}.Release|ARM.Deploy.0 = Release|Any CPU
		{D083C881-B88D-4D51-A9B4-2A19E905EED5}.Release|iPhone.ActiveCfg = Release|Any CPU
		{D083C881-B88D-4D51-A9B4-2A19E905EED5}.Release|iPhone.Build.0 = Release|Any CPU
		{D083C881-B88D-4D51-A9B4-2A19E905EED5}.Release|iPhone.Deploy.0 = Release|Any CPU
		{D083C881-B88D-4D51-A9B4-2A19E905EED5}.Release|iPhoneSimulator.ActiveCfg = Release|Any CPU
		{D083C881-B88D-4D51-A9B4-2A19E905EED5}.Release|iPhoneSimulator.Build.0 = Release|Any CPU
		{D083C881-B88D-4D51-A9B4-2A19E905EED5}.Release|iPhoneSimulator.Deploy.0 = Release|Any CPU
		{D083C881-B88D-4D51-A9B4-2A19E905EED5}.Release|x64.ActiveCfg = Release|Any CPU
		{D083C881-B88D-4D51-A9B4-2A19E905EED5}.Release|x64.Build.0 = Release|Any CPU
		{D083C881-B88D-4D51-A9B4-2A19E905EED5}.Release|x64.Deploy.0 = Release|Any CPU
		{D083C881-B88D-4D51-A9B4-2A19E905EED5}.Release|x86.ActiveCfg = Release|Any CPU
		{D083C881-B88D-4D51-A9B4-2A19E905EED5}.Release|x86.Build.0 = Release|Any CPU
		{D083C881-B88D-4D51-A9B4-2A19E905EED5}.Release|x86.Deploy.0 = Release|Any CPU
	EndGlobalSection
	GlobalSection(SolutionProperties) = preSolution
		HideSolutionNode = FALSE
	EndGlobalSection
	GlobalSection(ExtensibilityGlobals) = postSolution
		SolutionGuid = {451526CF-67D2-4DE9-949A-9932577FF9C3}
	EndGlobalSection
EndGlobal
